
Microsoft Visual Studio Solution File, Format Version 12.00
# Visual Studio Version 17
VisualStudioVersion = 17.14.36414.22
MinimumVisualStudioVersion = 10.0.40219.1
Project("{FAE04EC0-301F-11D3-BF4B-00C04F79EFBC}") = "ThreadExample", "ThreadExample\ThreadExample.csproj", "{69A5295C-3E5C-4F24-BF50-E1D3DCF92D25}"
EndProject
Project("{FAE04EC0-301F-11D3-BF4B-00C04F79EFBC}") = "TcpEchoServerThread", "TcpEchoServerThread\TcpEchoServerThread.csproj", "{15643F4F-4D61-47FF-B734-65A883F90018}"
EndProject
Project("{FAE04EC0-301F-11D3-BF4B-00C04F79EFBC}") = "TCPEchoClient", "TCPEchoClient\TCPEchoClient.csproj", "{FA72F85F-2D3B-4B68-BF1D-957D0D1400AD}"
EndProject
Global
	GlobalSection(SolutionConfigurationPlatforms) = preSolution
		Debug|Any CPU = Debug|Any CPU
		Release|Any CPU = Release|Any CPU
	EndGlobalSection
	GlobalSection(ProjectConfigurationPlatforms) = postSolution
		{69A5295C-3E5C-4F24-BF50-E1D3DCF92D25}.Debug|Any CPU.ActiveCfg = Debug|Any CPU
		{69A5295C-3E5C-4F24-BF50-E1D3DCF92D25}.Debug|Any CPU.Build.0 = Debug|Any CPU
		{69A5295C-3E5C-4F24-BF50-E1D3DCF92D25}.Release|Any CPU.ActiveCfg = Release|Any CPU
		{69A5295C-3E5C-4F24-BF50-E1D3DCF92D25}.Release|Any CPU.Build.0 = Release|Any CPU
		{15643F4F-4D61-47FF-B734-65A883F90018}.Debug|Any CPU.ActiveCfg = Debug|Any CPU
		{15643F4F-4D61-47FF-B734-65A883F90018}.Debug|Any CPU.Build.0 = Debug|Any CPU
		{15643F4F-4D61-47FF-B734-65A883F90018}.Release|Any CPU.ActiveCfg = Release|Any CPU
		{15643F4F-4D61-47FF-B734-65A883F90018}.Release|Any CPU.Build.0 = Release|Any CPU
		{FA72F85F-2D3B-4B68-BF1D-957D0D1400AD}.Debug|Any CPU.ActiveCfg = Debug|Any CPU
		{FA72F85F-2D3B-4B68-BF1D-957D0D1400AD}.Debug|Any CPU.Build.0 = Debug|Any CPU
		{FA72F85F-2D3B-4B68-BF1D-957D0D1400AD}.Release|Any CPU.ActiveCfg = Release|Any CPU
		{FA72F85F-2D3B-4B68-BF1D-957D0D1400AD}.Release|Any CPU.Build.0 = Release|Any CPU
	EndGlobalSection
	GlobalSection(SolutionProperties) = preSolution
		HideSolutionNode = FALSE
	EndGlobalSection
	GlobalSection(ExtensibilityGlobals) = postSolution
		SolutionGuid = {DB06D99B-E5B7-4CB1-B6F7-F167DA9A8A76}
	EndGlobalSection
EndGlobal
